
Microsoft Visual Studio Solution File, Format Version 12.00
# Visual Studio Version 17
VisualStudioVersion = 17.12.35707.178
MinimumVisualStudioVersion = 10.0.40219.1
Project("{FAE04EC0-301F-11D3-BF4B-00C04F79EFBC}") = "Sommatif3", "Sommatif3\Sommatif3.csproj", "{3475FDA6-66DE-401F-A1E6-CA29B37A2BA9}"
EndProject
Project("{FAE04EC0-301F-11D3-BF4B-00C04F79EFBC}") = "BibliothequeFonctionsDeBase", "..\..\BibliothequeFonctions\BibliothequeFonctions\BibliothequeFonctionsDeBase.csproj", "{30882560-2AD2-46F4-A0A6-5D3DD49D670A}"
EndProject
Global
	GlobalSection(SolutionConfigurationPlatforms) = preSolution
		Debug|Any CPU = Debug|Any CPU
		Release|Any CPU = Release|Any CPU
	EndGlobalSection
	GlobalSection(ProjectConfigurationPlatforms) = postSolution
		{3475FDA6-66DE-401F-A1E6-CA29B37A2BA9}.Debug|Any CPU.ActiveCfg = Debug|Any CPU
		{3475FDA6-66DE-401F-A1E6-CA29B37A2BA9}.Debug|Any CPU.Build.0 = Debug|Any CPU
		{3475FDA6-66DE-401F-A1E6-CA29B37A2BA9}.Release|Any CPU.ActiveCfg = Release|Any CPU
		{3475FDA6-66DE-401F-A1E6-CA29B37A2BA9}.Release|Any CPU.Build.0 = Release|Any CPU
		{30882560-2AD2-46F4-A0A6-5D3DD49D670A}.Debug|Any CPU.ActiveCfg = Debug|Any CPU
		{30882560-2AD2-46F4-A0A6-5D3DD49D670A}.Debug|Any CPU.Build.0 = Debug|Any CPU
		{30882560-2AD2-46F4-A0A6-5D3DD49D670A}.Release|Any CPU.ActiveCfg = Release|Any CPU
		{30882560-2AD2-46F4-A0A6-5D3DD49D670A}.Release|Any CPU.Build.0 = Release|Any CPU
	EndGlobalSection
	GlobalSection(SolutionProperties) = preSolution
		HideSolutionNode = FALSE
	EndGlobalSection
EndGlobal
